
Microsoft Visual Studio Solution File, Format Version 12.00
# Visual Studio Version 17
VisualStudioVersion = 17.0.32014.148
MinimumVisualStudioVersion = 10.0.40219.1
Project("{FAE04EC0-301F-11D3-BF4B-00C04F79EFBC}") = "Boss Timer", "Boss Timer\Boss Timer.csproj", "{86099720-B78C-4717-A8E6-CDB1C94E8024}"
EndProject
Global
	GlobalSection(SolutionConfigurationPlatforms) = preSolution
		Debug|Any CPU = Debug|Any CPU
		Release|Any CPU = Release|Any CPU
	EndGlobalSection
	GlobalSection(ProjectConfigurationPlatforms) = postSolution
		{86099720-B78C-4717-A8E6-CDB1C94E8024}.Debug|Any CPU.ActiveCfg = Debug|Any CPU
		{86099720-B78C-4717-A8E6-CDB1C94E8024}.Debug|Any CPU.Build.0 = Debug|Any CPU
		{86099720-B78C-4717-A8E6-CDB1C94E8024}.Release|Any CPU.ActiveCfg = Release|Any CPU
		{86099720-B78C-4717-A8E6-CDB1C94E8024}.Release|Any CPU.Build.0 = Release|Any CPU
	EndGlobalSection
	GlobalSection(SolutionProperties) = preSolution
		HideSolutionNode = FALSE
	EndGlobalSection
	GlobalSection(ExtensibilityGlobals) = postSolution
		SolutionGuid = {08E67D69-F5E8-4FA9-8D39-6C6A7416474B}
	EndGlobalSection
EndGlobal
